{
  "nodes": {
    "hosts": {
      "inputs": {
        "nixpkgs": [
          "nixpkgs"
        ]
      },
      "locked": {
        "lastModified": 1779554529,
        "narHash": "sha256-v71G9aslDyyy7NNf4D4JtlyQ9ZIBRZ4wNcgYfl4aryU=",
        "owner": "StevenBlack",
        "repo": "hosts",
        "rev": "c23f146657534a547190ed71f58b56d603718c99",
        "type": "github"
      },
      "original": {
        "owner": "StevenBlack",
        "repo": "hosts",
        "type": "github"
      }
    },
    "nixpkgs": {
      "locked": {
        "lastModified": 1779759751,
        "narHash": "sha256-1TF6AV2GQyr7A0RdYOG86xcRFaTbIKo6OSLlfVQ3D1E=",
        "owner": "NixOs",
        "repo": "nixpkgs",
        "rev": "9e008ca2a4febda85d31f3d7924a65a18b60dc91",
        "type": "github"
      },
      "original": {
        "owner": "NixOs",
        "ref": "release-26.05",
        "repo": "nixpkgs",
        "type": "github"
      }
    },
    "root": {
      "inputs": {
        "hosts": "hosts",
        "nixpkgs": "nixpkgs"
      }
    }
  },
  "root": "root",
  "version": 7
}
