{
  "nodes": {
    "hosts": {
      "inputs": {
        "nixpkgs": [
          "nixpkgs"
        ]
      },
      "locked": {
        "lastModified": 1788994729,
        "narHash": "sha256-4XxaSGWKmG3AM89H3mnNpQQWfsnjOubURZbnlrth9iI=",
        "owner": "StevenBlack",
        "repo": "hosts",
        "rev": "83dd698bbcdcb8c11a7796af7188d7ab4ccd02f1",
        "type": "github"
      },
      "original": {
        "owner": "StevenBlack",
        "repo": "hosts",
        "type": "github"
      }
    },
    "nixpkgs": {
      "locked": {
        "lastModified": 1789155820,
        "narHash": "sha256-cTHZTeYRV42p62ss3ZEFnBXrW3WpLgDpYWYyat4V2b8=",
        "owner": "NixOs",
        "repo": "nixpkgs",
        "rev": "8029b6c369415ee1ef02a86f352806348f104db9",
        "type": "github"
      },
      "original": {
        "owner": "NixOs",
        "ref": "release-26.05",
        "repo": "nixpkgs",
        "type": "github"
      }
    },
    "root": {
      "inputs": {
        "hosts": "hosts",
        "nixpkgs": "nixpkgs",
        "voxtype": "voxtype"
      }
    },
    "voxtype": {
      "inputs": {
        "nixpkgs": [
          "nixpkgs"
        ]
      },
      "locked": {
        "lastModified": 1789164263,
        "narHash": "sha256-sS+VjuPm14E4KZhpBNCmN7jKQ7NdsgrTLjrAr8jBn0o=",
        "owner": "danielbarter",
        "repo": "voice_to_text",
        "rev": "1f5579a310b3b5bd0922f8b115e225ca4971b1cc",
        "type": "github"
      },
      "original": {
        "owner": "danielbarter",
        "repo": "voice_to_text",
        "type": "github"
      }
    }
  },
  "root": "root",
  "version": 7
}
